
Microsoft Visual Studio Solution File, Format Version 12.00
# Visual Studio Version 17
VisualStudioVersion = 17.4.33122.133
MinimumVisualStudioVersion = 10.0.40219.1
Project("{FAE04EC0-301F-11D3-BF4B-00C04F79EFBC}") = "HackathonAPI", "APIPractice\HackathonAPI.csproj", "{907A355A-6714-45EB-8C81-459B7F72A88F}"
EndProject
Project("{FAE04EC0-301F-11D3-BF4B-00C04F79EFBC}") = "HackathonApp_BAL", "HackathonApp_BAL\HackathonApp_BAL.csproj", "{08DEE66E-2923-4613-BB63-99A9272FEE8C}"
EndProject
Project("{FAE04EC0-301F-11D3-BF4B-00C04F79EFBC}") = "HackathonApp_DAL", "HackathonApp_DAL\HackathonApp_DAL.csproj", "{049D1498-740A-4AC5-8154-985A96B734B7}"
EndProject
Global
	GlobalSection(SolutionConfigurationPlatforms) = preSolution
		Debug|Any CPU = Debug|Any CPU
		Release|Any CPU = Release|Any CPU
	EndGlobalSection
	GlobalSection(ProjectConfigurationPlatforms) = postSolution
		{907A355A-6714-45EB-8C81-459B7F72A88F}.Debug|Any CPU.ActiveCfg = Debug|Any CPU
		{907A355A-6714-45EB-8C81-459B7F72A88F}.Debug|Any CPU.Build.0 = Debug|Any CPU
		{907A355A-6714-45EB-8C81-459B7F72A88F}.Release|Any CPU.ActiveCfg = Release|Any CPU
		{907A355A-6714-45EB-8C81-459B7F72A88F}.Release|Any CPU.Build.0 = Release|Any CPU
		{08DEE66E-2923-4613-BB63-99A9272FEE8C}.Debug|Any CPU.ActiveCfg = Debug|Any CPU
		{08DEE66E-2923-4613-BB63-99A9272FEE8C}.Debug|Any CPU.Build.0 = Debug|Any CPU
		{08DEE66E-2923-4613-BB63-99A9272FEE8C}.Release|Any CPU.ActiveCfg = Release|Any CPU
		{08DEE66E-2923-4613-BB63-99A9272FEE8C}.Release|Any CPU.Build.0 = Release|Any CPU
		{049D1498-740A-4AC5-8154-985A96B734B7}.Debug|Any CPU.ActiveCfg = Debug|Any CPU
		{049D1498-740A-4AC5-8154-985A96B734B7}.Debug|Any CPU.Build.0 = Debug|Any CPU
		{049D1498-740A-4AC5-8154-985A96B734B7}.Release|Any CPU.ActiveCfg = Release|Any CPU
		{049D1498-740A-4AC5-8154-985A96B734B7}.Release|Any CPU.Build.0 = Release|Any CPU
	EndGlobalSection
	GlobalSection(SolutionProperties) = preSolution
		HideSolutionNode = FALSE
	EndGlobalSection
	GlobalSection(ExtensibilityGlobals) = postSolution
		SolutionGuid = {8B9094A0-2608-43F5-BC5B-C4467F46CBC9}
	EndGlobalSection
EndGlobal
